// !$*UTF8*$!
{
	archiveVersion = 1;
	classes = {
	};
	objectVersion = 45;
	objects = {

/* Begin PBXBuildFile section */
		621B3D410F8F961700A5B518 /* Languages.xml in Copy XML Files */ = {isa = PBXBuildFile; fileRef = 621B3D330F8F960700A5B518 /* Languages.xml */; };
		621B3D420F8F961700A5B518 /* CodeSenseProviders in Copy XML Files */ = {isa = PBXBuildFile; fileRef = 621B3D340F8F960700A5B518 /* CodeSenseProviders */; };
		621B3D430F8F961700A5B518 /* Syntaxes in Copy XML Files */ = {isa = PBXBuildFile; fileRef = 621B3D370F8F960700A5B518 /* Syntaxes */; };
		621B3D440F8F961700A5B518 /* CodeSenseLibraries in Copy XML Files */ = {isa = PBXBuildFile; fileRef = 621B3D3A0F8F960700A5B518 /* CodeSenseLibraries */; };
		8D5B49B0048680CD000E48DA /* InfoPlist.strings in Resources */ = {isa = PBXBuildFile; fileRef = 089C167DFE841241C02AAC07 /* InfoPlist.strings */; };
		98FE2B5C0F90FC0600944D7D /* CSharp.sugar in Copy to Espresso */ = {isa = PBXBuildFile; fileRef = 8D5B49B6048680CD000E48DA /* CSharp.sugar */; };
/* End PBXBuildFile section */

/* Begin PBXCopyFilesBuildPhase section */
		3D65765F0E991E6E009E9EB8 /* Copy XML Files */ = {
			isa = PBXCopyFilesBuildPhase;
			buildActionMask = 2147483647;
			dstPath = "";
			dstSubfolderSpec = 1;
			files = (
				621B3D410F8F961700A5B518 /* Languages.xml in Copy XML Files */,
				621B3D420F8F961700A5B518 /* CodeSenseProviders in Copy XML Files */,
				621B3D430F8F961700A5B518 /* Syntaxes in Copy XML Files */,
				621B3D440F8F961700A5B518 /* CodeSenseLibraries in Copy XML Files */,
			);
			name = "Copy XML Files";
			runOnlyForDeploymentPostprocessing = 0;
		};
		621B3D7E0F8F96CF00A5B518 /* Copy Frameworks */ = {
			isa = PBXCopyFilesBuildPhase;
			buildActionMask = 2147483647;
			dstPath = "";
			dstSubfolderSpec = 10;
			files = (
			);
			name = "Copy Frameworks";
			runOnlyForDeploymentPostprocessing = 0;
		};
		98FE2BB90F90FC1E00944D7D /* Copy to Espresso */ = {
			isa = PBXCopyFilesBuildPhase;
			buildActionMask = 2147483647;
			dstPath = "~/Library/Application Support/Espresso/Sugars";
			dstSubfolderSpec = 0;
			files = (
				98FE2B5C0F90FC0600944D7D /* CSharp.sugar in Copy to Espresso */,
			);
			name = "Copy to Espresso";
			runOnlyForDeploymentPostprocessing = 0;
		};
/* End PBXCopyFilesBuildPhase section */

/* Begin PBXFileReference section */
		089C167EFE841241C02AAC07 /* English */ = {isa = PBXFileReference; fileEncoding = 10; lastKnownFileType = text.plist.strings; name = English; path = English.lproj/InfoPlist.strings; sourceTree = "<group>"; };
		621B3D330F8F960700A5B518 /* Languages.xml */ = {isa = PBXFileReference; fileEncoding = 4; lastKnownFileType = text.xml; path = Languages.xml; sourceTree = "<group>"; };
		621B3D340F8F960700A5B518 /* CodeSenseProviders */ = {isa = PBXFileReference; lastKnownFileType = folder; path = CodeSenseProviders; sourceTree = "<group>"; };
		621B3D370F8F960700A5B518 /* Syntaxes */ = {isa = PBXFileReference; lastKnownFileType = folder; path = Syntaxes; sourceTree = "<group>"; };
		621B3D3A0F8F960700A5B518 /* CodeSenseLibraries */ = {isa = PBXFileReference; lastKnownFileType = folder; path = CodeSenseLibraries; sourceTree = "<group>"; };
		8D5B49B6048680CD000E48DA /* CSharp.sugar */ = {isa = PBXFileReference; explicitFileType = wrapper.cfbundle; includeInIndex = 0; path = CSharp.sugar; sourceTree = BUILT_PRODUCTS_DIR; };
		8D5B49B7048680CD000E48DA /* Info.plist */ = {isa = PBXFileReference; fileEncoding = 4; lastKnownFileType = text.plist.xml; path = Info.plist; sourceTree = "<group>"; };
/* End PBXFileReference section */

/* Begin PBXGroup section */
		089C166AFE841209C02AAC07 /* CSS */ = {
			isa = PBXGroup;
			children = (
				3D6576110E991DDC009E9EB8 /* XML Based */,
				089C167CFE841241C02AAC07 /* Resources */,
				19C28FB8FE9D52D311CA2CBB /* Products */,
			);
			name = CSS;
			sourceTree = "<group>";
		};
		089C167CFE841241C02AAC07 /* Resources */ = {
			isa = PBXGroup;
			children = (
				8D5B49B7048680CD000E48DA /* Info.plist */,
				089C167DFE841241C02AAC07 /* InfoPlist.strings */,
			);
			name = Resources;
			sourceTree = "<group>";
		};
		19C28FB8FE9D52D311CA2CBB /* Products */ = {
			isa = PBXGroup;
			children = (
				8D5B49B6048680CD000E48DA /* CSharp.sugar */,
			);
			name = Products;
			sourceTree = "<group>";
		};
		3D6576110E991DDC009E9EB8 /* XML Based */ = {
			isa = PBXGroup;
			children = (
				621B3D340F8F960700A5B518 /* CodeSenseProviders */,
				621B3D370F8F960700A5B518 /* Syntaxes */,
				621B3D3A0F8F960700A5B518 /* CodeSenseLibraries */,
				621B3D330F8F960700A5B518 /* Languages.xml */,
			);
			path = "XML Based";
			sourceTree = "<group>";
		};
/* End PBXGroup section */

/* Begin PBXNativeTarget section */
		8D5B49AC048680CD000E48DA /* CSharpSugar */ = {
			isa = PBXNativeTarget;
			buildConfigurationList = 1DEB913A08733D840010E9CD /* Build configuration list for PBXNativeTarget "CSharpSugar" */;
			buildPhases = (
				8D5B49AF048680CD000E48DA /* Resources */,
				3D65765F0E991E6E009E9EB8 /* Copy XML Files */,
				621B3D7E0F8F96CF00A5B518 /* Copy Frameworks */,
				98FE2BB90F90FC1E00944D7D /* Copy to Espresso */,
			);
			buildRules = (
			);
			dependencies = (
			);
			name = CSharpSugar;
			productInstallPath = "$(HOME)/Library/Bundles";
			productName = CSS;
			productReference = 8D5B49B6048680CD000E48DA /* CSharp.sugar */;
			productType = "com.apple.product-type.bundle";
		};
/* End PBXNativeTarget section */

/* Begin PBXProject section */
		089C1669FE841209C02AAC07 /* Project object */ = {
			isa = PBXProject;
			buildConfigurationList = 1DEB913E08733D840010E9CD /* Build configuration list for PBXProject "CSharp Sugar" */;
			compatibilityVersion = "Xcode 3.1";
			hasScannedForEncodings = 1;
			mainGroup = 089C166AFE841209C02AAC07 /* CSS */;
			projectDirPath = "";
			projectRoot = "";
			targets = (
				8D5B49AC048680CD000E48DA /* CSharpSugar */,
			);
		};
/* End PBXProject section */

/* Begin PBXResourcesBuildPhase section */
		8D5B49AF048680CD000E48DA /* Resources */ = {
			isa = PBXResourcesBuildPhase;
			buildActionMask = 2147483647;
			files = (
				8D5B49B0048680CD000E48DA /* InfoPlist.strings in Resources */,
			);
			runOnlyForDeploymentPostprocessing = 0;
		};
/* End PBXResourcesBuildPhase section */

/* Begin PBXVariantGroup section */
		089C167DFE841241C02AAC07 /* InfoPlist.strings */ = {
			isa = PBXVariantGroup;
			children = (
				089C167EFE841241C02AAC07 /* English */,
			);
			name = InfoPlist.strings;
			sourceTree = "<group>";
		};
/* End PBXVariantGroup section */

/* Begin XCBuildConfiguration section */
		1DEB913B08733D840010E9CD /* Debug */ = {
			isa = XCBuildConfiguration;
			buildSettings = {
				ALWAYS_SEARCH_USER_PATHS = NO;
				BUNDLE_LOADER = /Applications/Espresso.app/Contents/MacOS/Espresso;
				COPY_PHASE_STRIP = NO;
				FRAMEWORK_SEARCH_PATHS = (
					"$(inherited)",
					"\"$(SRCROOT)/../bghudappkit-read-only/build/Release\"",
					"\"$(SRCROOT)/Frameworks\"",
				);
				GCC_DYNAMIC_NO_PIC = NO;
				GCC_ENABLE_FIX_AND_CONTINUE = YES;
				GCC_MODEL_TUNING = G5;
				GCC_OPTIMIZATION_LEVEL = 0;
				GCC_PRECOMPILE_PREFIX_HEADER = YES;
				GCC_PREFIX_HEADER = Code/Prefix.pch;
				INFOPLIST_FILE = Info.plist;
				INSTALL_PATH = "$(HOME)/Library/Bundles";
				PRODUCT_NAME = CSharp;
				USER_HEADER_SEARCH_PATHS = /Applications/Espresso.app/Contents/Headers;
				WRAPPER_EXTENSION = sugar;
			};
			name = Debug;
		};
		1DEB913C08733D840010E9CD /* Release */ = {
			isa = XCBuildConfiguration;
			buildSettings = {
				ALWAYS_SEARCH_USER_PATHS = NO;
				BUNDLE_LOADER = $BUILT_PRODUCTS_DIR/Espresso.app/Contents/MacOS/Espresso;
				DEBUG_INFORMATION_FORMAT = "dwarf-with-dsym";
				FRAMEWORK_SEARCH_PATHS = (
					"$(inherited)",
					"\"$(SRCROOT)/../bghudappkit-read-only/build/Release\"",
					"\"$(SRCROOT)/Frameworks\"",
				);
				GCC_MODEL_TUNING = G5;
				GCC_PRECOMPILE_PREFIX_HEADER = YES;
				GCC_PREFIX_HEADER = "Code/XML+HTML_Prefix.pch";
				INFOPLIST_FILE = Info.plist;
				INSTALL_PATH = "$(HOME)/Library/Bundles";
				PRODUCT_NAME = CSharp;
				USER_HEADER_SEARCH_PATHS = $BUILT_PRODUCTS_DIR/Espresso.app/Contents/Headers;
				WRAPPER_EXTENSION = sugar;
			};
			name = Release;
		};
		1DEB913F08733D840010E9CD /* Debug */ = {
			isa = XCBuildConfiguration;
			buildSettings = {
				ARCHS = "$(ARCHS_STANDARD_32_BIT)";
				BUNDLE_LOADER = "$(ESPRESSO_PATH)/Contents/MacOS/Espresso";
				ESPRESSO_PATH = /Applications/Espresso.app;
				GCC_C_LANGUAGE_STANDARD = c99;
				GCC_OPTIMIZATION_LEVEL = 0;
				GCC_WARN_ABOUT_RETURN_TYPE = YES;
				GCC_WARN_UNUSED_VARIABLE = YES;
				HEADER_SEARCH_PATHS = "$(ESPRESSO_PATH)/Contents/Headers";
				ONLY_ACTIVE_ARCH = YES;
				PREBINDING = NO;
				SDKROOT = macosx10.5;
			};
			name = Debug;
		};
		1DEB914008733D840010E9CD /* Release */ = {
			isa = XCBuildConfiguration;
			buildSettings = {
				ARCHS = "$(ARCHS_STANDARD_32_BIT)";
				BUNDLE_LOADER = "$(ESPRESSO_PATH)/Contents/MacOS/Espresso";
				ESPRESSO_PATH = /Applications/Espresso.app;
				GCC_C_LANGUAGE_STANDARD = c99;
				GCC_TREAT_WARNINGS_AS_ERRORS = YES;
				GCC_WARN_ABOUT_RETURN_TYPE = YES;
				GCC_WARN_UNUSED_VARIABLE = YES;
				HEADER_SEARCH_PATHS = "$(ESPRESSO_PATH)/Contents/Headers";
				PREBINDING = NO;
				SDKROOT = macosx10.5;
			};
			name = Release;
		};
/* End XCBuildConfiguration section */

/* Begin XCConfigurationList section */
		1DEB913A08733D840010E9CD /* Build configuration list for PBXNativeTarget "CSharpSugar" */ = {
			isa = XCConfigurationList;
			buildConfigurations = (
				1DEB913B08733D840010E9CD /* Debug */,
				1DEB913C08733D840010E9CD /* Release */,
			);
			defaultConfigurationIsVisible = 0;
			defaultConfigurationName = Release;
		};
		1DEB913E08733D840010E9CD /* Build configuration list for PBXProject "CSharp Sugar" */ = {
			isa = XCConfigurationList;
			buildConfigurations = (
				1DEB913F08733D840010E9CD /* Debug */,
				1DEB914008733D840010E9CD /* Release */,
			);
			defaultConfigurationIsVisible = 0;
			defaultConfigurationName = Release;
		};
/* End XCConfigurationList section */
	};
	rootObject = 089C1669FE841209C02AAC07 /* Project object */;
}
